
Microsoft Visual Studio Solution File, Format Version 12.00
# Visual Studio 15
VisualStudioVersion = 15.0.28010.2046
MinimumVisualStudioVersion = 10.0.40219.1
Project("{FAE04EC0-301F-11D3-BF4B-00C04F79EFBC}") = "Gallery_App", "Gallery_App\Gallery_App.csproj", "{B5672845-C2BE-4935-A929-88218CA05DA4}"
EndProject
Project("{FAE04EC0-301F-11D3-BF4B-00C04F79EFBC}") = "SimpleImageGallery.Data", "SimpleImageGallery.Data\SimpleImageGallery.Data.csproj", "{63D8D10C-FAD3-464D-94D6-762F74F214D9}"
EndProject
Global
	GlobalSection(SolutionConfigurationPlatforms) = preSolution
		Debug|Any CPU = Debug|Any CPU
		Release|Any CPU = Release|Any CPU
	EndGlobalSection
	GlobalSection(ProjectConfigurationPlatforms) = postSolution
		{B5672845-C2BE-4935-A929-88218CA05DA4}.Debug|Any CPU.ActiveCfg = Debug|Any CPU
		{B5672845-C2BE-4935-A929-88218CA05DA4}.Debug|Any CPU.Build.0 = Debug|Any CPU
		{B5672845-C2BE-4935-A929-88218CA05DA4}.Release|Any CPU.ActiveCfg = Release|Any CPU
		{B5672845-C2BE-4935-A929-88218CA05DA4}.Release|Any CPU.Build.0 = Release|Any CPU
		{63D8D10C-FAD3-464D-94D6-762F74F214D9}.Debug|Any CPU.ActiveCfg = Debug|Any CPU
		{63D8D10C-FAD3-464D-94D6-762F74F214D9}.Debug|Any CPU.Build.0 = Debug|Any CPU
		{63D8D10C-FAD3-464D-94D6-762F74F214D9}.Release|Any CPU.ActiveCfg = Release|Any CPU
		{63D8D10C-FAD3-464D-94D6-762F74F214D9}.Release|Any CPU.Build.0 = Release|Any CPU
	EndGlobalSection
	GlobalSection(SolutionProperties) = preSolution
		HideSolutionNode = FALSE
	EndGlobalSection
	GlobalSection(ExtensibilityGlobals) = postSolution
		SolutionGuid = {025013BA-D51B-4067-A357-AF754964C5ED}
	EndGlobalSection
EndGlobal
